
Microsoft Visual Studio Solution File, Format Version 12.00
# Visual Studio Version 17
VisualStudioVersion = 17.11.35222.181
MinimumVisualStudioVersion = 10.0.40219.1
Project("{8BC9CEB8-8B4A-11D0-8D11-00A0C91BC942}") = "assistserver", "assistserver\assistserver.vcxproj", "{CB43E12C-FB4C-452F-AA74-4195CC2FDE00}"
EndProject
Global
	GlobalSection(SolutionConfigurationPlatforms) = preSolution
		Debug|x64 = Debug|x64
		Debug|x86 = Debug|x86
		Release|x64 = Release|x64
		Release|x86 = Release|x86
	EndGlobalSection
	GlobalSection(ProjectConfigurationPlatforms) = postSolution
		{CB43E12C-FB4C-452F-AA74-4195CC2FDE00}.Debug|x64.ActiveCfg = Debug|x64
		{CB43E12C-FB4C-452F-AA74-4195CC2FDE00}.Debug|x64.Build.0 = Debug|x64
		{CB43E12C-FB4C-452F-AA74-4195CC2FDE00}.Debug|x86.ActiveCfg = Debug|Win32
		{CB43E12C-FB4C-452F-AA74-4195CC2FDE00}.Debug|x86.Build.0 = Debug|Win32
		{CB43E12C-FB4C-452F-AA74-4195CC2FDE00}.Release|x64.ActiveCfg = Release|x64
		{CB43E12C-FB4C-452F-AA74-4195CC2FDE00}.Release|x64.Build.0 = Release|x64
		{CB43E12C-FB4C-452F-AA74-4195CC2FDE00}.Release|x86.ActiveCfg = Release|Win32
		{CB43E12C-FB4C-452F-AA74-4195CC2FDE00}.Release|x86.Build.0 = Release|Win32
	EndGlobalSection
	GlobalSection(SolutionProperties) = preSolution
		HideSolutionNode = FALSE
	EndGlobalSection
	GlobalSection(ExtensibilityGlobals) = postSolution
		SolutionGuid = {87E38A6D-2A99-4F26-B819-813782C36930}
	EndGlobalSection
EndGlobal
